
Microsoft Visual Studio Solution File, Format Version 12.00
# Visual Studio 15
VisualStudioVersion = 15.0.27703.2018
MinimumVisualStudioVersion = 10.0.40219.1
Project("{2150E333-8FDC-42A3-9474-1A3956D46DE8}") = "Feature", "Feature", "{24DDFB1A-76D3-4D77-BABE-57CC332939B2}"
EndProject
Project("{2150E333-8FDC-42A3-9474-1A3956D46DE8}") = "Foundation", "Foundation", "{5FEB4532-F049-4F37-B3C0-FAB3B9932CA7}"
EndProject
Project("{FAE04EC0-301F-11D3-BF4B-00C04F79EFBC}") = "Verndale.Feature.Redirects", "Verndale.Feature.RedirectManager\Verndale.Feature.Redirects.csproj", "{D145E7BA-CD40-4F0E-B93E-EB7668753FE5}"
EndProject
Project("{FAE04EC0-301F-11D3-BF4B-00C04F79EFBC}") = "Verndale.Feature.LanguageFallback", "Verndale.Feature.LanguageFallback\Verndale.Feature.LanguageFallback.csproj", "{465DBB69-7CDE-4E6A-B643-3FDDC0B17B8F}"
EndProject
Global
	GlobalSection(SolutionConfigurationPlatforms) = preSolution
		Debug|Any CPU = Debug|Any CPU
		Release|Any CPU = Release|Any CPU
	EndGlobalSection
	GlobalSection(ProjectConfigurationPlatforms) = postSolution
		{D145E7BA-CD40-4F0E-B93E-EB7668753FE5}.Debug|Any CPU.ActiveCfg = Debug|Any CPU
		{D145E7BA-CD40-4F0E-B93E-EB7668753FE5}.Debug|Any CPU.Build.0 = Debug|Any CPU
		{D145E7BA-CD40-4F0E-B93E-EB7668753FE5}.Release|Any CPU.ActiveCfg = Release|Any CPU
		{D145E7BA-CD40-4F0E-B93E-EB7668753FE5}.Release|Any CPU.Build.0 = Release|Any CPU
		{465DBB69-7CDE-4E6A-B643-3FDDC0B17B8F}.Debug|Any CPU.ActiveCfg = Debug|Any CPU
		{465DBB69-7CDE-4E6A-B643-3FDDC0B17B8F}.Debug|Any CPU.Build.0 = Debug|Any CPU
		{465DBB69-7CDE-4E6A-B643-3FDDC0B17B8F}.Release|Any CPU.ActiveCfg = Release|Any CPU
		{465DBB69-7CDE-4E6A-B643-3FDDC0B17B8F}.Release|Any CPU.Build.0 = Release|Any CPU
	EndGlobalSection
	GlobalSection(SolutionProperties) = preSolution
		HideSolutionNode = FALSE
	EndGlobalSection
	GlobalSection(NestedProjects) = preSolution
		{D145E7BA-CD40-4F0E-B93E-EB7668753FE5} = {24DDFB1A-76D3-4D77-BABE-57CC332939B2}
		{465DBB69-7CDE-4E6A-B643-3FDDC0B17B8F} = {24DDFB1A-76D3-4D77-BABE-57CC332939B2}
	EndGlobalSection
	GlobalSection(ExtensibilityGlobals) = postSolution
		SolutionGuid = {311D3492-BD55-4691-A5A1-3E070792EA59}
	EndGlobalSection
EndGlobal
